
Microsoft Visual Studio Solution File, Format Version 12.00
# Visual Studio Version 17
VisualStudioVersion = 17.11.35222.181
MinimumVisualStudioVersion = 10.0.40219.1
Project("{2150E333-8FDC-42A3-9474-1A3956D46DE8}") = "src", "src", "{5F31AE8B-0942-4578-958E-9D07283B98D0}"
EndProject
Project("{2150E333-8FDC-42A3-9474-1A3956D46DE8}") = "tests", "tests", "{45822CEF-D39F-4790-96D2-09719FF8D026}"
	ProjectSection(SolutionItems) = preProject
		ems.persistance\Repositories\BasicMenuRepository.txt = ems.persistance\Repositories\BasicMenuRepository.txt
		SqlQuery_1.sql = SqlQuery_1.sql
	EndProjectSection
EndProject
Project("{2150E333-8FDC-42A3-9474-1A3956D46DE8}") = "presentation", "presentation", "{DA1C66C3-238A-497F-85B9-ECE750F76930}"
EndProject
Project("{2150E333-8FDC-42A3-9474-1A3956D46DE8}") = "Infrastructure", "Infrastructure", "{1136E9A8-4469-4281-9905-39A719C8A434}"
EndProject
Project("{2150E333-8FDC-42A3-9474-1A3956D46DE8}") = "application", "application", "{68C5010B-ED8C-400E-AEC4-A2D9C7A9E0E4}"
EndProject
Project("{2150E333-8FDC-42A3-9474-1A3956D46DE8}") = "domain", "domain", "{29CFD33C-098F-4A60-B472-8FA3069B23D3}"
EndProject
Project("{9A19103F-16F7-4668-BE54-9A1E7A4F7556}") = "ems.application", "ems.application\ems.application.csproj", "{82FC2533-72EC-4A3B-ADF9-3A538EDA2AE1}"
EndProject
Project("{9A19103F-16F7-4668-BE54-9A1E7A4F7556}") = "ems.domain", "ems.domain\ems.domain.csproj", "{3AE2B1A9-B35F-4CEC-A82E-865C8C9D7FFC}"
EndProject
Project("{9A19103F-16F7-4668-BE54-9A1E7A4F7556}") = "ems.infrastructure", "ems.infrastructure\ems.infrastructure.csproj", "{A0076AF1-A220-4759-9284-BFC7F3D8B36A}"
EndProject
Project("{9A19103F-16F7-4668-BE54-9A1E7A4F7556}") = "ems.persistance", "ems.persistance\ems.persistance.csproj", "{3143840C-C1C0-4B1B-94F1-7FBEFE2D253F}"
EndProject
Project("{9A19103F-16F7-4668-BE54-9A1E7A4F7556}") = "ems.api", "ems.api\ems.api.csproj", "{934462B6-5F70-44C7-8346-B3C2E992297E}"
EndProject
Global
	GlobalSection(SolutionConfigurationPlatforms) = preSolution
		Debug|Any CPU = Debug|Any CPU
		Release|Any CPU = Release|Any CPU
	EndGlobalSection
	GlobalSection(ProjectConfigurationPlatforms) = postSolution
		{82FC2533-72EC-4A3B-ADF9-3A538EDA2AE1}.Debug|Any CPU.ActiveCfg = Debug|Any CPU
		{82FC2533-72EC-4A3B-ADF9-3A538EDA2AE1}.Debug|Any CPU.Build.0 = Debug|Any CPU
		{82FC2533-72EC-4A3B-ADF9-3A538EDA2AE1}.Release|Any CPU.ActiveCfg = Release|Any CPU
		{82FC2533-72EC-4A3B-ADF9-3A538EDA2AE1}.Release|Any CPU.Build.0 = Release|Any CPU
		{3AE2B1A9-B35F-4CEC-A82E-865C8C9D7FFC}.Debug|Any CPU.ActiveCfg = Debug|Any CPU
		{3AE2B1A9-B35F-4CEC-A82E-865C8C9D7FFC}.Debug|Any CPU.Build.0 = Debug|Any CPU
		{3AE2B1A9-B35F-4CEC-A82E-865C8C9D7FFC}.Release|Any CPU.ActiveCfg = Release|Any CPU
		{3AE2B1A9-B35F-4CEC-A82E-865C8C9D7FFC}.Release|Any CPU.Build.0 = Release|Any CPU
		{A0076AF1-A220-4759-9284-BFC7F3D8B36A}.Debug|Any CPU.ActiveCfg = Debug|Any CPU
		{A0076AF1-A220-4759-9284-BFC7F3D8B36A}.Debug|Any CPU.Build.0 = Debug|Any CPU
		{A0076AF1-A220-4759-9284-BFC7F3D8B36A}.Release|Any CPU.ActiveCfg = Release|Any CPU
		{A0076AF1-A220-4759-9284-BFC7F3D8B36A}.Release|Any CPU.Build.0 = Release|Any CPU
		{3143840C-C1C0-4B1B-94F1-7FBEFE2D253F}.Debug|Any CPU.ActiveCfg = Debug|Any CPU
		{3143840C-C1C0-4B1B-94F1-7FBEFE2D253F}.Debug|Any CPU.Build.0 = Debug|Any CPU
		{3143840C-C1C0-4B1B-94F1-7FBEFE2D253F}.Release|Any CPU.ActiveCfg = Release|Any CPU
		{3143840C-C1C0-4B1B-94F1-7FBEFE2D253F}.Release|Any CPU.Build.0 = Release|Any CPU
		{934462B6-5F70-44C7-8346-B3C2E992297E}.Debug|Any CPU.ActiveCfg = Debug|Any CPU
		{934462B6-5F70-44C7-8346-B3C2E992297E}.Debug|Any CPU.Build.0 = Debug|Any CPU
		{934462B6-5F70-44C7-8346-B3C2E992297E}.Release|Any CPU.ActiveCfg = Release|Any CPU
		{934462B6-5F70-44C7-8346-B3C2E992297E}.Release|Any CPU.Build.0 = Release|Any CPU
	EndGlobalSection
	GlobalSection(SolutionProperties) = preSolution
		HideSolutionNode = FALSE
	EndGlobalSection
	GlobalSection(NestedProjects) = preSolution
		{DA1C66C3-238A-497F-85B9-ECE750F76930} = {5F31AE8B-0942-4578-958E-9D07283B98D0}
		{1136E9A8-4469-4281-9905-39A719C8A434} = {5F31AE8B-0942-4578-958E-9D07283B98D0}
		{68C5010B-ED8C-400E-AEC4-A2D9C7A9E0E4} = {5F31AE8B-0942-4578-958E-9D07283B98D0}
		{29CFD33C-098F-4A60-B472-8FA3069B23D3} = {5F31AE8B-0942-4578-958E-9D07283B98D0}
		{82FC2533-72EC-4A3B-ADF9-3A538EDA2AE1} = {68C5010B-ED8C-400E-AEC4-A2D9C7A9E0E4}
		{3AE2B1A9-B35F-4CEC-A82E-865C8C9D7FFC} = {29CFD33C-098F-4A60-B472-8FA3069B23D3}
		{A0076AF1-A220-4759-9284-BFC7F3D8B36A} = {1136E9A8-4469-4281-9905-39A719C8A434}
		{3143840C-C1C0-4B1B-94F1-7FBEFE2D253F} = {1136E9A8-4469-4281-9905-39A719C8A434}
		{934462B6-5F70-44C7-8346-B3C2E992297E} = {DA1C66C3-238A-497F-85B9-ECE750F76930}
	EndGlobalSection
	GlobalSection(ExtensibilityGlobals) = postSolution
		SolutionGuid = {32F265A1-A243-4585-A6B4-74F2D3EBCF7A}
	EndGlobalSection
EndGlobal
